
Microsoft Visual Studio Solution File, Format Version 12.00
# Visual Studio 2017
Project("{FAE04EC0-301F-11D3-BF4B-00C04F79EFBC}") = "GAME1012_A2_NakasakoRicardo", "GAME1012_A2_NakasakoRicardo.csproj", "{BD901DBC-AFFD-CB24-AD4B-F582AC1C2F0F}"
EndProject
Global
	GlobalSection(SolutionConfigurationPlatforms) = preSolution
		Debug|Any CPU = Debug|Any CPU
		Release|Any CPU = Release|Any CPU
	EndGlobalSection
	GlobalSection(ProjectConfigurationPlatforms) = postSolution
		{BD901DBC-AFFD-CB24-AD4B-F582AC1C2F0F}.Debug|Any CPU.ActiveCfg = Debug|Any CPU
		{BD901DBC-AFFD-CB24-AD4B-F582AC1C2F0F}.Debug|Any CPU.Build.0 = Debug|Any CPU
		{BD901DBC-AFFD-CB24-AD4B-F582AC1C2F0F}.Release|Any CPU.ActiveCfg = Release|Any CPU
		{BD901DBC-AFFD-CB24-AD4B-F582AC1C2F0F}.Release|Any CPU.Build.0 = Release|Any CPU
	EndGlobalSection
	GlobalSection(SolutionProperties) = preSolution
		HideSolutionNode = FALSE
	EndGlobalSection
EndGlobal
